
Microsoft Visual Studio Solution File, Format Version 12.00
# Visual Studio Version 16
VisualStudioVersion = 16.0.29709.97
MinimumVisualStudioVersion = 10.0.40219.1
Project("{9A19103F-16F7-4668-BE54-9A1E7A4F7556}") = "Lab Assignment-1", "Lab Assignment-1\Lab Assignment-1.csproj", "{9E4758DD-1360-488F-B7F5-BF20A221EB70}"
EndProject
Project("{9A19103F-16F7-4668-BE54-9A1E7A4F7556}") = "Lab Assignment-2", "Lab Assignment-2\Lab Assignment-2.csproj", "{2EE58560-8BE3-4884-82BA-07B27BFFD2D4}"
EndProject
Project("{9A19103F-16F7-4668-BE54-9A1E7A4F7556}") = "Lab Assignment-3", "Lab Assignment-3\Lab Assignment-3.csproj", "{A347A876-4541-4701-BC9F-C0E8E9A8F880}"
EndProject
Project("{9A19103F-16F7-4668-BE54-9A1E7A4F7556}") = "Lab Assignment-4", "Lab Assignment-4\Lab Assignment-4.csproj", "{F603C56C-9B0E-48E0-A629-C64CD3EEB50D}"
EndProject
Project("{FAE04EC0-301F-11D3-BF4B-00C04F79EFBC}") = "Lab Assignment-5", "Lab Assignment-5\Lab Assignment-5.csproj", "{6EC4F0C0-5CB7-4056-A008-24324259C291}"
EndProject
Global
	GlobalSection(SolutionConfigurationPlatforms) = preSolution
		Debug|Any CPU = Debug|Any CPU
		Release|Any CPU = Release|Any CPU
	EndGlobalSection
	GlobalSection(ProjectConfigurationPlatforms) = postSolution
		{9E4758DD-1360-488F-B7F5-BF20A221EB70}.Debug|Any CPU.ActiveCfg = Debug|Any CPU
		{9E4758DD-1360-488F-B7F5-BF20A221EB70}.Debug|Any CPU.Build.0 = Debug|Any CPU
		{9E4758DD-1360-488F-B7F5-BF20A221EB70}.Release|Any CPU.ActiveCfg = Release|Any CPU
		{9E4758DD-1360-488F-B7F5-BF20A221EB70}.Release|Any CPU.Build.0 = Release|Any CPU
		{2EE58560-8BE3-4884-82BA-07B27BFFD2D4}.Debug|Any CPU.ActiveCfg = Debug|Any CPU
		{2EE58560-8BE3-4884-82BA-07B27BFFD2D4}.Debug|Any CPU.Build.0 = Debug|Any CPU
		{2EE58560-8BE3-4884-82BA-07B27BFFD2D4}.Release|Any CPU.ActiveCfg = Release|Any CPU
		{2EE58560-8BE3-4884-82BA-07B27BFFD2D4}.Release|Any CPU.Build.0 = Release|Any CPU
		{A347A876-4541-4701-BC9F-C0E8E9A8F880}.Debug|Any CPU.ActiveCfg = Debug|Any CPU
		{A347A876-4541-4701-BC9F-C0E8E9A8F880}.Debug|Any CPU.Build.0 = Debug|Any CPU
		{A347A876-4541-4701-BC9F-C0E8E9A8F880}.Release|Any CPU.ActiveCfg = Release|Any CPU
		{A347A876-4541-4701-BC9F-C0E8E9A8F880}.Release|Any CPU.Build.0 = Release|Any CPU
		{F603C56C-9B0E-48E0-A629-C64CD3EEB50D}.Debug|Any CPU.ActiveCfg = Debug|Any CPU
		{F603C56C-9B0E-48E0-A629-C64CD3EEB50D}.Debug|Any CPU.Build.0 = Debug|Any CPU
		{F603C56C-9B0E-48E0-A629-C64CD3EEB50D}.Release|Any CPU.ActiveCfg = Release|Any CPU
		{F603C56C-9B0E-48E0-A629-C64CD3EEB50D}.Release|Any CPU.Build.0 = Release|Any CPU
		{6EC4F0C0-5CB7-4056-A008-24324259C291}.Debug|Any CPU.ActiveCfg = Debug|Any CPU
		{6EC4F0C0-5CB7-4056-A008-24324259C291}.Debug|Any CPU.Build.0 = Debug|Any CPU
		{6EC4F0C0-5CB7-4056-A008-24324259C291}.Release|Any CPU.ActiveCfg = Release|Any CPU
		{6EC4F0C0-5CB7-4056-A008-24324259C291}.Release|Any CPU.Build.0 = Release|Any CPU
	EndGlobalSection
	GlobalSection(SolutionProperties) = preSolution
		HideSolutionNode = FALSE
	EndGlobalSection
	GlobalSection(ExtensibilityGlobals) = postSolution
		SolutionGuid = {947769FE-E4BF-409A-AC2E-934DF865C462}
	EndGlobalSection
EndGlobal
